
Microsoft Visual Studio Solution File, Format Version 12.00
# Visual Studio Version 16
VisualStudioVersion = 16.0.31702.278
MinimumVisualStudioVersion = 10.0.40219.1
Project("{9A19103F-16F7-4668-BE54-9A1E7A4F7556}") = "OrganizerBackEnd", "OrganizerBackEnd\OrganizerBackEnd.csproj", "{0152271E-B122-4944-9394-6D07659FAF3D}"
EndProject
Project("{FAE04EC0-301F-11D3-BF4B-00C04F79EFBC}") = "OrganizerTestes", "OrganizerTestes\OrganizerTestes.csproj", "{ED76DB17-8223-45B1-810B-98B2258CF78F}"
EndProject
Global
	GlobalSection(SolutionConfigurationPlatforms) = preSolution
		Debug|Any CPU = Debug|Any CPU
		Release|Any CPU = Release|Any CPU
	EndGlobalSection
	GlobalSection(ProjectConfigurationPlatforms) = postSolution
		{0152271E-B122-4944-9394-6D07659FAF3D}.Debug|Any CPU.ActiveCfg = Debug|Any CPU
		{0152271E-B122-4944-9394-6D07659FAF3D}.Debug|Any CPU.Build.0 = Debug|Any CPU
		{0152271E-B122-4944-9394-6D07659FAF3D}.Release|Any CPU.ActiveCfg = Release|Any CPU
		{0152271E-B122-4944-9394-6D07659FAF3D}.Release|Any CPU.Build.0 = Release|Any CPU
		{ED76DB17-8223-45B1-810B-98B2258CF78F}.Debug|Any CPU.ActiveCfg = Debug|Any CPU
		{ED76DB17-8223-45B1-810B-98B2258CF78F}.Debug|Any CPU.Build.0 = Debug|Any CPU
		{ED76DB17-8223-45B1-810B-98B2258CF78F}.Release|Any CPU.ActiveCfg = Release|Any CPU
		{ED76DB17-8223-45B1-810B-98B2258CF78F}.Release|Any CPU.Build.0 = Release|Any CPU
	EndGlobalSection
	GlobalSection(SolutionProperties) = preSolution
		HideSolutionNode = FALSE
	EndGlobalSection
	GlobalSection(ExtensibilityGlobals) = postSolution
		SolutionGuid = {007ED330-87C0-411E-B246-7B8B4B971B7A}
	EndGlobalSection
EndGlobal
